{
  "lockfileVersion": 1,
  "configVersion": 1,
  "workspaces": {
    "": {
      "name": "clean-tree",
      "dependencies": {
        "@atlaskit/pragmatic-drag-and-drop": "^1.7.7",
        "@atlaskit/pragmatic-drag-and-drop-flourish": "^2.0.11",
        "@atlaskit/pragmatic-drag-and-drop-hitbox": "^1.1.0",
        "@atlaskit/pragmatic-drag-and-drop-live-region": "^1.3.3",
        "@atlaskit/pragmatic-drag-and-drop-react-drop-indicator": "^3.2.11",
        "@base-ui-components/react": "^1.0.0-rc.0",
        "memoize-one": "^6.0.0",
        "react": "^19.2.3",
        "react-dom": "^19.2.3",
        "tiny-invariant": "^1.3.3",
      },
      "devDependencies": {
        "@types/bun": "latest",
        "@types/react": "^19.2.9",
        "@types/react-dom": "^19.2.3",
      },
      "peerDependencies": {
        "typescript": "^5",
      },
    },
  },
  "packages": {
    "@atlaskit/atlassian-context": ["@atlaskit/atlassian-context@0.6.0", "", { "dependencies": { "@babel/runtime": "^7.0.0" }, "peerDependencies": { "react": "^18.2.0" } }, "sha512-TjaV1OIjP8DaOyaqzPI5OkYvVckn3hYwE92v8RcdnpOiMKI0taedg1sLXD7x0nPx5MtXPmCJNNVJJprDN7pmxQ=="],

    "@atlaskit/css": ["@atlaskit/css@0.17.1", "", { "dependencies": { "@atlaskit/tokens": "^8.4.0", "@babel/runtime": "^7.0.0", "@compiled/react": "^0.18.6" }, "peerDependencies": { "react": "^18.2.0" } }, "sha512-1E74fh9aTftFp9hSgFqkgW6KovSltg1TRI1pC5ECuwxPcRwd3YSZE53o+ZVyw//oHQ7Mr7ZF7ZBSarb2sJ6CmA=="],

    "@atlaskit/ds-lib": ["@atlaskit/ds-lib@5.3.0", "", { "dependencies": { "@atlaskit/platform-feature-flags": "^1.1.0", "@babel/runtime": "^7.0.0", "bind-event-listener": "^3.0.0", "react-uid": "^2.2.0", "tiny-invariant": "^1.2.0" }, "peerDependencies": { "react": "^18.2.0" } }, "sha512-j3DLHqBACSJsG3XqSgCIwZqvJhYkpSC8i+24n/JYCRjIxYEJMsuSXOtdeu0qBajREwgzmAFP6AVfVZh1zAWG/A=="],

    "@atlaskit/feature-gate-js-client": ["@atlaskit/feature-gate-js-client@5.5.7", "", { "dependencies": { "@atlaskit/atlassian-context": "^0.6.0", "@babel/runtime": "^7.0.0", "@statsig/client-core": "^3.21.1", "@statsig/js-client": "^3.21.1", "eventemitter3": "^4.0.0" } }, "sha512-m2ATuJChdHLJdFxpfm5HPnBzjtg8yJFLdZmZguP24oFJI1562y7JbOSEmrRtbzyOIuuqjSUrcNA/el3+srkjrw=="],

    "@atlaskit/motion": ["@atlaskit/motion@5.3.10", "", { "dependencies": { "@atlaskit/css": "^0.17.0", "@atlaskit/ds-lib": "^5.3.0", "@atlaskit/platform-feature-flags": "^1.1.0", "@babel/runtime": "^7.0.0", "@compiled/react": "^0.18.6", "bind-event-listener": "^3.0.0" }, "peerDependencies": { "react": "^18.2.0" } }, "sha512-cERNNC2xz/knQ5BG073nffEkKiswFyFe9gBaxSp6Go+J9mc7a13879S2blSHuyMvfwFn1AuhdJCSbSY/c3mnNw=="],

    "@atlaskit/platform-feature-flags": ["@atlaskit/platform-feature-flags@1.1.3", "", { "dependencies": { "@atlaskit/feature-gate-js-client": "^5.5.0", "@babel/runtime": "^7.0.0" } }, "sha512-dRn6UvVmMF5+WXnv7ZlxKTV2rVQncI2TgM0KTGSqpHdD9LnogITWC/rFjzUuF/W8MBCEvpouGilukqhq6rASnw=="],

    "@atlaskit/pragmatic-drag-and-drop": ["@atlaskit/pragmatic-drag-and-drop@1.7.7", "", { "dependencies": { "@babel/runtime": "^7.0.0", "bind-event-listener": "^3.0.0", "raf-schd": "^4.0.3" } }, "sha512-jX+68AoSTqO/fhCyJDTZ38Ey6/wyL2Iq+J/moanma0YyktpnoHxevjY1UNJHYp0NCburdQDZSL1ZFac1mO1osQ=="],

    "@atlaskit/pragmatic-drag-and-drop-flourish": ["@atlaskit/pragmatic-drag-and-drop-flourish@2.0.11", "", { "dependencies": { "@atlaskit/motion": "^5.3.0", "@atlaskit/tokens": "^10.0.0", "@babel/runtime": "^7.0.0" } }, "sha512-lVOKgb4ZhbaufOkBBvWILoMCKhYPPhYd9C6GFtnw0jIEqD8o3cdjWnpY8TurXEPkZuIg9F5VEVXPUZYYA1SXIw=="],

    "@atlaskit/pragmatic-drag-and-drop-hitbox": ["@atlaskit/pragmatic-drag-and-drop-hitbox@1.1.0", "", { "dependencies": { "@atlaskit/pragmatic-drag-and-drop": "^1.6.0", "@babel/runtime": "^7.0.0" } }, "sha512-JWt6eVp6Br2FPHRM8s0dUIHQk/jFInGP1f3ti5CdtM1Ji5/pt8Akm44wDC063Gv2i5RGseixtbW0z/t6RYtbdg=="],

    "@atlaskit/pragmatic-drag-and-drop-live-region": ["@atlaskit/pragmatic-drag-and-drop-live-region@1.3.3", "", { "dependencies": { "@babel/runtime": "^7.0.0" } }, "sha512-+zk4FsYp+DDZ/M++yTGcjIUdhBhcCRRVrfUkFD06qoVDAsb9853uxPytwoDX7laU4Z9H0eE9A09lROdf6NzAMg=="],

    "@atlaskit/pragmatic-drag-and-drop-react-drop-indicator": ["@atlaskit/pragmatic-drag-and-drop-react-drop-indicator@3.2.11", "", { "dependencies": { "@atlaskit/pragmatic-drag-and-drop": "^1.7.0", "@atlaskit/pragmatic-drag-and-drop-hitbox": "^1.1.0", "@atlaskit/tokens": "^10.0.0", "@babel/runtime": "^7.0.0", "@compiled/react": "^0.18.6" }, "peerDependencies": { "react": "^18.2.0 || ^19.0.0" } }, "sha512-ROnRA3+u2m1S70LAOUZjM6ZOvIEQI3dm/5yS6L1os2oSgLXYgmLXs5IzRiFHYq1JLKDhG3QnRqMDdFn1LrIF6Q=="],

    "@atlaskit/tokens": ["@atlaskit/tokens@10.1.0", "", { "dependencies": { "@atlaskit/ds-lib": "^5.3.0", "@atlaskit/platform-feature-flags": "^1.1.0", "@babel/runtime": "^7.0.0", "@babel/traverse": "^7.23.2", "@babel/types": "^7.20.0", "bind-event-listener": "^3.0.0" }, "peerDependencies": { "react": "^18.2.0" } }, "sha512-F7T551Jwqv6kDt3oY/fW0teUzKgZp4OGfWbji0ejeUSF9++suMDzSbsQ5rD8mu6Wui3D1Ru7Q6wtdX4h77k0+A=="],

    "@babel/code-frame": ["@babel/code-frame@7.28.6", "", { "dependencies": { "@babel/helper-validator-identifier": "^7.28.5", "js-tokens": "^4.0.0", "picocolors": "^1.1.1" } }, "sha512-JYgintcMjRiCvS8mMECzaEn+m3PfoQiyqukOMCCVQtoJGYJw8j/8LBJEiqkHLkfwCcs74E3pbAUFNg7d9VNJ+Q=="],

    "@babel/generator": ["@babel/generator@7.28.6", "", { "dependencies": { "@babel/parser": "^7.28.6", "@babel/types": "^7.28.6", "@jridgewell/gen-mapping": "^0.3.12", "@jridgewell/trace-mapping": "^0.3.28", "jsesc": "^3.0.2" } }, "sha512-lOoVRwADj8hjf7al89tvQ2a1lf53Z+7tiXMgpZJL3maQPDxh0DgLMN62B2MKUOFcoodBHLMbDM6WAbKgNy5Suw=="],

    "@babel/helper-globals": ["@babel/helper-globals@7.28.0", "", {}, "sha512-+W6cISkXFa1jXsDEdYA8HeevQT/FULhxzR99pxphltZcVaugps53THCeiWA8SguxxpSp3gKPiuYfSWopkLQ4hw=="],

    "@babel/helper-string-parser": ["@babel/helper-string-parser@7.27.1", "", {}, "sha512-qMlSxKbpRlAridDExk92nSobyDdpPijUq2DW6oDnUqd0iOGxmQjyqhMIihI9+zv4LPyZdRje2cavWPbCbWm3eA=="],

    "@babel/helper-validator-identifier": ["@babel/helper-validator-identifier@7.28.5", "", {}, "sha512-qSs4ifwzKJSV39ucNjsvc6WVHs6b7S03sOh2OcHF9UHfVPqWWALUsNUVzhSBiItjRZoLHx7nIarVjqKVusUZ1Q=="],

    "@babel/parser": ["@babel/parser@7.28.6", "", { "dependencies": { "@babel/types": "^7.28.6" }, "bin": "./bin/babel-parser.js" }, "sha512-TeR9zWR18BvbfPmGbLampPMW+uW1NZnJlRuuHso8i87QZNq2JRF9i6RgxRqtEq+wQGsS19NNTWr2duhnE49mfQ=="],

    "@babel/runtime": ["@babel/runtime@7.28.6", "", {}, "sha512-05WQkdpL9COIMz4LjTxGpPNCdlpyimKppYNoJ5Di5EUObifl8t4tuLuUBBZEpoLYOmfvIWrsp9fCl0HoPRVTdA=="],

    "@babel/template": ["@babel/template@7.28.6", "", { "dependencies": { "@babel/code-frame": "^7.28.6", "@babel/parser": "^7.28.6", "@babel/types": "^7.28.6" } }, "sha512-YA6Ma2KsCdGb+WC6UpBVFJGXL58MDA6oyONbjyF/+5sBgxY/dwkhLogbMT2GXXyU84/IhRw/2D1Os1B/giz+BQ=="],

    "@babel/traverse": ["@babel/traverse@7.28.6", "", { "dependencies": { "@babel/code-frame": "^7.28.6", "@babel/generator": "^7.28.6", "@babel/helper-globals": "^7.28.0", "@babel/parser": "^7.28.6", "@babel/template": "^7.28.6", "@babel/types": "^7.28.6", "debug": "^4.3.1" } }, "sha512-fgWX62k02qtjqdSNTAGxmKYY/7FSL9WAS1o2Hu5+I5m9T0yxZzr4cnrfXQ/MX0rIifthCSs6FKTlzYbJcPtMNg=="],

    "@babel/types": ["@babel/types@7.28.6", "", { "dependencies": { "@babel/helper-string-parser": "^7.27.1", "@babel/helper-validator-identifier": "^7.28.5" } }, "sha512-0ZrskXVEHSWIqZM/sQZ4EV3jZJXRkio/WCxaqKZP1g//CEWEPSfeZFcms4XeKBCHU0ZKnIkdJeU/kF+eRp5lBg=="],

    "@base-ui-components/react": ["@base-ui-components/react@1.0.0-rc.0", "", { "dependencies": { "@babel/runtime": "^7.28.4", "@base-ui-components/utils": "0.2.2", "@floating-ui/react-dom": "^2.1.6", "@floating-ui/utils": "^0.2.10", "reselect": "^5.1.1", "tabbable": "^6.3.0", "use-sync-external-store": "^1.6.0" }, "peerDependencies": { "@types/react": "^17 || ^18 || ^19", "react": "^17 || ^18 || ^19", "react-dom": "^17 || ^18 || ^19" }, "optionalPeers": ["@types/react"] }, "sha512-9lhUFbJcbXvc9KulLev1WTFxS/alJRBWDH/ibKSQaNvmDwMFS2gKp1sTeeldYSfKuS/KC1w2MZutc0wHu2hRHQ=="],

    "@base-ui-components/utils": ["@base-ui-components/utils@0.2.2", "", { "dependencies": { "@babel/runtime": "^7.28.4", "@floating-ui/utils": "^0.2.10", "reselect": "^5.1.1", "use-sync-external-store": "^1.6.0" }, "peerDependencies": { "@types/react": "^17 || ^18 || ^19", "react": "^17 || ^18 || ^19", "react-dom": "^17 || ^18 || ^19" }, "optionalPeers": ["@types/react"] }, "sha512-rNJCD6TFy3OSRDKVHJDzLpxO3esTV1/drRtWNUpe7rCpPN9HZVHUCuP+6rdDYDGWfXnQHbqi05xOyRP2iZAlkw=="],

    "@compiled/react": ["@compiled/react@0.18.6", "", { "dependencies": { "csstype": "^3.1.3" }, "peerDependencies": { "react": ">= 16.12.0" } }, "sha512-Mt6sJOwykeoToEBFbOUNR4xABi2gOr/+X5QSGqGEYiCBMh+XPDAclG2UX94zveiYJXO4AUJIQBCVwa4/lwPMBA=="],

    "@floating-ui/core": ["@floating-ui/core@1.7.3", "", { "dependencies": { "@floating-ui/utils": "^0.2.10" } }, "sha512-sGnvb5dmrJaKEZ+LDIpguvdX3bDlEllmv4/ClQ9awcmCZrlx5jQyyMWFM5kBI+EyNOCDDiKk8il0zeuX3Zlg/w=="],

    "@floating-ui/dom": ["@floating-ui/dom@1.7.4", "", { "dependencies": { "@floating-ui/core": "^1.7.3", "@floating-ui/utils": "^0.2.10" } }, "sha512-OOchDgh4F2CchOX94cRVqhvy7b3AFb+/rQXyswmzmGakRfkMgoWVjfnLWkRirfLEfuD4ysVW16eXzwt3jHIzKA=="],

    "@floating-ui/react-dom": ["@floating-ui/react-dom@2.1.6", "", { "dependencies": { "@floating-ui/dom": "^1.7.4" }, "peerDependencies": { "react": ">=16.8.0", "react-dom": ">=16.8.0" } }, "sha512-4JX6rEatQEvlmgU80wZyq9RT96HZJa88q8hp0pBd+LrczeDI4o6uA2M+uvxngVHo4Ihr8uibXxH6+70zhAFrVw=="],

    "@floating-ui/utils": ["@floating-ui/utils@0.2.10", "", {}, "sha512-aGTxbpbg8/b5JfU1HXSrbH3wXZuLPJcNEcZQFMxLs3oSzgtVu6nFPkbbGGUvBcUjKV2YyB9Wxxabo+HEH9tcRQ=="],

    "@jridgewell/gen-mapping": ["@jridgewell/gen-mapping@0.3.13", "", { "dependencies": { "@jridgewell/sourcemap-codec": "^1.5.0", "@jridgewell/trace-mapping": "^0.3.24" } }, "sha512-2kkt/7niJ6MgEPxF0bYdQ6etZaA+fQvDcLKckhy1yIQOzaoKjBBjSj63/aLVjYE3qhRt5dvM+uUyfCg6UKCBbA=="],

    "@jridgewell/resolve-uri": ["@jridgewell/resolve-uri@3.1.2", "", {}, "sha512-bRISgCIjP20/tbWSPWMEi54QVPRZExkuD9lJL+UIxUKtwVJA8wW1Trb1jMs1RFXo1CBTNZ/5hpC9QvmKWdopKw=="],

    "@jridgewell/sourcemap-codec": ["@jridgewell/sourcemap-codec@1.5.5", "", {}, "sha512-cYQ9310grqxueWbl+WuIUIaiUaDcj7WOq5fVhEljNVgRfOUhY9fy2zTvfoqWsnebh8Sl70VScFbICvJnLKB0Og=="],

    "@jridgewell/trace-mapping": ["@jridgewell/trace-mapping@0.3.31", "", { "dependencies": { "@jridgewell/resolve-uri": "^3.1.0", "@jridgewell/sourcemap-codec": "^1.4.14" } }, "sha512-zzNR+SdQSDJzc8joaeP8QQoCQr8NuYx2dIIytl1QeBEZHJ9uW6hebsrYgbz8hJwUQao3TWCMtmfV8Nu1twOLAw=="],

    "@statsig/client-core": ["@statsig/client-core@3.31.2", "", {}, "sha512-Tfa3JC0fJJL0Pd13Le9ZxqZp1QD8XKQ9pyPaBeyhpB6QWzr6qqGusGFaSmmCJXu9ViN672Lgg87/43mANg2LBw=="],

    "@statsig/js-client": ["@statsig/js-client@3.31.2", "", { "dependencies": { "@statsig/client-core": "3.31.2" } }, "sha512-uEIt2Zg0NTgIhg4jaMQYtdttrTDgQRtlk4E8N6cNBcq2i/Igea1DzVYD7RyEV9oiq3InHDOfuuP+p+w5oO+qeA=="],

    "@types/bun": ["@types/bun@1.3.6", "", { "dependencies": { "bun-types": "1.3.6" } }, "sha512-uWCv6FO/8LcpREhenN1d1b6fcspAB+cefwD7uti8C8VffIv0Um08TKMn98FynpTiU38+y2dUO55T11NgDt8VAA=="],

    "@types/node": ["@types/node@25.0.10", "", { "dependencies": { "undici-types": "~7.16.0" } }, "sha512-zWW5KPngR/yvakJgGOmZ5vTBemDoSqF3AcV/LrO5u5wTWyEAVVh+IT39G4gtyAkh3CtTZs8aX/yRM82OfzHJRg=="],

    "@types/react": ["@types/react@19.2.9", "", { "dependencies": { "csstype": "^3.2.2" } }, "sha512-Lpo8kgb/igvMIPeNV2rsYKTgaORYdO1XGVZ4Qz3akwOj0ySGYMPlQWa8BaLn0G63D1aSaAQ5ldR06wCpChQCjA=="],

    "@types/react-dom": ["@types/react-dom@19.2.3", "", { "peerDependencies": { "@types/react": "^19.2.0" } }, "sha512-jp2L/eY6fn+KgVVQAOqYItbF0VY/YApe5Mz2F0aykSO8gx31bYCZyvSeYxCHKvzHG5eZjc+zyaS5BrBWya2+kQ=="],

    "bind-event-listener": ["bind-event-listener@3.0.0", "", {}, "sha512-PJvH288AWQhKs2v9zyfYdPzlPqf5bXbGMmhmUIY9x4dAUGIWgomO771oBQNwJnMQSnUIXhKu6sgzpBRXTlvb8Q=="],

    "bun-types": ["bun-types@1.3.6", "", { "dependencies": { "@types/node": "*" } }, "sha512-OlFwHcnNV99r//9v5IIOgQ9Uk37gZqrNMCcqEaExdkVq3Avwqok1bJFmvGMCkCE0FqzdY8VMOZpfpR3lwI+CsQ=="],

    "csstype": ["csstype@3.2.3", "", {}, "sha512-z1HGKcYy2xA8AGQfwrn0PAy+PB7X/GSj3UVJW9qKyn43xWa+gl5nXmU4qqLMRzWVLFC8KusUX8T/0kCiOYpAIQ=="],

    "debug": ["debug@4.4.3", "", { "dependencies": { "ms": "^2.1.3" } }, "sha512-RGwwWnwQvkVfavKVt22FGLw+xYSdzARwm0ru6DhTVA3umU5hZc28V3kO4stgYryrTlLpuvgI9GiijltAjNbcqA=="],

    "eventemitter3": ["eventemitter3@4.0.7", "", {}, "sha512-8guHBZCwKnFhYdHr2ysuRWErTwhoN2X8XELRlrRwpmfeY2jjuUN4taQMsULKUVo1K4DvZl+0pgfyoysHxvmvEw=="],

    "js-tokens": ["js-tokens@4.0.0", "", {}, "sha512-RdJUflcE3cUzKiMqQgsCu06FPu9UdIJO0beYbPhHN4k6apgJtifcoCtT9bcxOpYBtpD2kCM6Sbzg4CausW/PKQ=="],

    "jsesc": ["jsesc@3.1.0", "", { "bin": { "jsesc": "bin/jsesc" } }, "sha512-/sM3dO2FOzXjKQhJuo0Q173wf2KOo8t4I8vHy6lF9poUp7bKT0/NHE8fPX23PwfhnykfqnC2xRxOnVw5XuGIaA=="],

    "memoize-one": ["memoize-one@6.0.0", "", {}, "sha512-rkpe71W0N0c0Xz6QD0eJETuWAJGnJ9afsl1srmwPrI+yBCkge5EycXXbYRyvL29zZVUWQCY7InPRCv3GDXuZNw=="],

    "ms": ["ms@2.1.3", "", {}, "sha512-6FlzubTLZG3J2a/NVCAleEhjzq5oxgHyaCU9yYXvcLsvoVaHJq/s5xXI6/XXP6tz7R9xAOtHnSO/tXtF3WRTlA=="],

    "picocolors": ["picocolors@1.1.1", "", {}, "sha512-xceH2snhtb5M9liqDsmEw56le376mTZkEX/jEb/RxNFyegNul7eNslCXP9FDj/Lcu0X8KEyMceP2ntpaHrDEVA=="],

    "raf-schd": ["raf-schd@4.0.3", "", {}, "sha512-tQkJl2GRWh83ui2DiPTJz9wEiMN20syf+5oKfB03yYP7ioZcJwsIK8FjrtLwH1m7C7e+Tt2yYBlrOpdT+dyeIQ=="],

    "react": ["react@19.2.3", "", {}, "sha512-Ku/hhYbVjOQnXDZFv2+RibmLFGwFdeeKHFcOTlrt7xplBnya5OGn/hIRDsqDiSUcfORsDC7MPxwork8jBwsIWA=="],

    "react-dom": ["react-dom@19.2.3", "", { "dependencies": { "scheduler": "^0.27.0" }, "peerDependencies": { "react": "^19.2.3" } }, "sha512-yELu4WmLPw5Mr/lmeEpox5rw3RETacE++JgHqQzd2dg+YbJuat3jH4ingc+WPZhxaoFzdv9y33G+F7Nl5O0GBg=="],

    "react-uid": ["react-uid@2.4.0", "", { "dependencies": { "tslib": "^2.0.0" }, "peerDependencies": { "@types/react": "^16.8.0 || ^17.0.0 || ^18.0.0 || ^19.0.0", "react": "^16.8.0 || ^17.0.0 || ^18.0.0 || ^19.0.0" }, "optionalPeers": ["@types/react"] }, "sha512-+MVs/25NrcZuGrmlVRWPOSsbS8y72GJOBsR7d68j3/wqOrRBF52U29XAw4+XSelw0Vm6s5VmGH5mCbTCPGVCVg=="],

    "reselect": ["reselect@5.1.1", "", {}, "sha512-K/BG6eIky/SBpzfHZv/dd+9JBFiS4SWV7FIujVyJRux6e45+73RaUHXLmIR1f7WOMaQ0U1km6qwklRQxpJJY0w=="],

    "scheduler": ["scheduler@0.27.0", "", {}, "sha512-eNv+WrVbKu1f3vbYJT/xtiF5syA5HPIMtf9IgY/nKg0sWqzAUEvqY/xm7OcZc/qafLx/iO9FgOmeSAp4v5ti/Q=="],

    "tabbable": ["tabbable@6.4.0", "", {}, "sha512-05PUHKSNE8ou2dwIxTngl4EzcnsCDZGJ/iCLtDflR/SHB/ny14rXc+qU5P4mG9JkusiV7EivzY9Mhm55AzAvCg=="],

    "tiny-invariant": ["tiny-invariant@1.3.3", "", {}, "sha512-+FbBPE1o9QAYvviau/qC5SE3caw21q3xkvWKBtja5vgqOWIHHJ3ioaq1VPfn/Szqctz2bU/oYeKd9/z5BL+PVg=="],

    "tslib": ["tslib@2.8.1", "", {}, "sha512-oJFu94HQb+KVduSUQL7wnpmqnfmLsOA/nAh6b6EH0wCEoK0/mPeXU6c3wKDV83MkOuHPRHtSXKKU99IBazS/2w=="],

    "typescript": ["typescript@5.9.3", "", { "bin": { "tsc": "bin/tsc", "tsserver": "bin/tsserver" } }, "sha512-jl1vZzPDinLr9eUt3J/t7V6FgNEw9QjvBPdysz9KfQDD41fQrC2Y4vKQdiaUpFT4bXlb1RHhLpp8wtm6M5TgSw=="],

    "undici-types": ["undici-types@7.16.0", "", {}, "sha512-Zz+aZWSj8LE6zoxD+xrjh4VfkIG8Ya6LvYkZqtUQGJPZjYl53ypCaUwWqo7eI0x66KBGeRo+mlBEkMSeSZ38Nw=="],

    "use-sync-external-store": ["use-sync-external-store@1.6.0", "", { "peerDependencies": { "react": "^16.8.0 || ^17.0.0 || ^18.0.0 || ^19.0.0" } }, "sha512-Pp6GSwGP/NrPIrxVFAIkOQeyw8lFenOHijQWkUTrDvrF4ALqylP2C/KCkeS9dpUM3KvYRQhna5vt7IL95+ZQ9w=="],

    "@atlaskit/css/@atlaskit/tokens": ["@atlaskit/tokens@8.6.1", "", { "dependencies": { "@atlaskit/ds-lib": "^5.3.0", "@atlaskit/platform-feature-flags": "^1.1.0", "@babel/runtime": "^7.0.0", "@babel/traverse": "^7.23.2", "@babel/types": "^7.20.0", "bind-event-listener": "^3.0.0" }, "peerDependencies": { "react": "^18.2.0" } }, "sha512-Ka+XXo3rKm3PXdXqSmx7A4MRmOHvd5TeKJb8aO5jUgsehnvPk85QhEeFeYT/D62dorJjA+CvE/wBpvZkT4OqnA=="],
  }
}
